// !$*UTF8*$!
{
	archiveVersion = 1;
	classes = {
	};
	objectVersion = 46;
	objects = {

/* Begin PBXBuildFile section */
		D9DA339D1A15D527003F633A /* main.m in Sources */ = {isa = PBXBuildFile; fileRef = D9DA339C1A15D527003F633A /* main.m */; };
		D9DA33A01A15D527003F633A /* AppDelegate.m in Sources */ = {isa = PBXBuildFile; fileRef = D9DA339F1A15D527003F633A /* AppDelegate.m */; };
		D9DA33A31A15D527003F633A /* ViewController.m in Sources */ = {isa = PBXBuildFile; fileRef = D9DA33A21A15D527003F633A /* ViewController.m */; };
		D9DA33A61A15D527003F633A /* Main.storyboard in Resources */ = {isa = PBXBuildFile; fileRef = D9DA33A41A15D527003F633A /* Main.storyboard */; };
		D9DA33A81A15D527003F633A /* Images.xcassets in Resources */ = {isa = PBXBuildFile; fileRef = D9DA33A71A15D527003F633A /* Images.xcassets */; };
		D9DA33AB1A15D527003F633A /* LaunchScreen.xib in Resources */ = {isa = PBXBuildFile; fileRef = D9DA33A91A15D527003F633A /* LaunchScreen.xib */; };
		D9DA33B71A15D528003F633A /* LoctionLoggerTests.m in Sources */ = {isa = PBXBuildFile; fileRef = D9DA33B61A15D528003F633A /* LoctionLoggerTests.m */; };
/* End PBXBuildFile section */

/* Begin PBXContainerItemProxy section */
		D9DA33B11A15D528003F633A /* PBXContainerItemProxy */ = {
			isa = PBXContainerItemProxy;
			containerPortal = D9DA338F1A15D527003F633A /* Project object */;
			proxyType = 1;
			remoteGlobalIDString = D9DA33961A15D527003F633A;
			remoteInfo = LoctionLogger;
		};
/* End PBXContainerItemProxy section */

/* Begin PBXFileReference section */
		D9DA33971A15D527003F633A /* LoctionLogger.app */ = {isa = PBXFileReference; explicitFileType = wrapper.application; includeInIndex = 0; path = LoctionLogger.app; sourceTree = BUILT_PRODUCTS_DIR; };
		D9DA339B1A15D527003F633A /* Info.plist */ = {isa = PBXFileReference; lastKnownFileType = text.plist.xml; path = Info.plist; sourceTree = "<group>"; };
		D9DA339C1A15D527003F633A /* main.m */ = {isa = PBXFileReference; lastKnownFileType = sourcecode.c.objc; path = main.m; sourceTree = "<group>"; };
		D9DA339E1A15D527003F633A /* AppDelegate.h */ = {isa = PBXFileReference; lastKnownFileType = sourcecode.c.h; path = AppDelegate.h; sourceTree = "<group>"; };
		D9DA339F1A15D527003F633A /* AppDelegate.m */ = {isa = PBXFileReference; lastKnownFileType = sourcecode.c.objc; path = AppDelegate.m; sourceTree = "<group>"; };
		D9DA33A11A15D527003F633A /* ViewController.h */ = {isa = PBXFileReference; lastKnownFileType = sourcecode.c.h; path = ViewController.h; sourceTree = "<group>"; };
		D9DA33A21A15D527003F633A /* ViewController.m */ = {isa = PBXFileReference; lastKnownFileType = sourcecode.c.objc; path = ViewController.m; sourceTree = "<group>"; };
		D9DA33A51A15D527003F633A /* Base */ = {isa = PBXFileReference; lastKnownFileType = file.storyboard; name = Base; path = Base.lproj/Main.storyboard; sourceTree = "<group>"; };
		D9DA33A71A15D527003F633A /* Images.xcassets */ = {isa = PBXFileReference; lastKnownFileType = folder.assetcatalog; path = Images.xcassets; sourceTree = "<group>"; };
		D9DA33AA1A15D527003F633A /* Base */ = {isa = PBXFileReference; lastKnownFileType = file.xib; name = Base; path = Base.lproj/LaunchScreen.xib; sourceTree = "<group>"; };
		D9DA33B01A15D528003F633A /* LoctionLoggerTests.xctest */ = {isa = PBXFileReference; explicitFileType = wrapper.cfbundle; includeInIndex = 0; path = LoctionLoggerTests.xctest; sourceTree = BUILT_PRODUCTS_DIR; };
		D9DA33B51A15D528003F633A /* Info.plist */ = {isa = PBXFileReference; lastKnownFileType = text.plist.xml; path = Info.plist; sourceTree = "<group>"; };
		D9DA33B61A15D528003F633A /* LoctionLoggerTests.m */ = {isa = PBXFileReference; lastKnownFileType = sourcecode.c.objc; path = LoctionLoggerTests.m; sourceTree = "<group>"; };
/* End PBXFileReference section */

/* Begin PBXFrameworksBuildPhase section */
		D9DA33941A15D527003F633A /* Frameworks */ = {
			isa = PBXFrameworksBuildPhase;
			buildActionMask = 2147483647;
			files = (
			);
			runOnlyForDeploymentPostprocessing = 0;
		};
		D9DA33AD1A15D528003F633A /* Frameworks */ = {
			isa = PBXFrameworksBuildPhase;
			buildActionMask = 2147483647;
			files = (
			);
			runOnlyForDeploymentPostprocessing = 0;
		};
/* End PBXFrameworksBuildPhase section */

/* Begin PBXGroup section */
		D9DA338E1A15D527003F633A = {
			isa = PBXGroup;
			children = (
				D9DA33991A15D527003F633A /* LoctionLogger */,
				D9DA33B31A15D528003F633A /* LoctionLoggerTests */,
				D9DA33981A15D527003F633A /* Products */,
			);
			sourceTree = "<group>";
		};
		D9DA33981A15D527003F633A /* Products */ = {
			isa = PBXGroup;
			children = (
				D9DA33971A15D527003F633A /* LoctionLogger.app */,
				D9DA33B01A15D528003F633A /* LoctionLoggerTests.xctest */,
			);
			name = Products;
			sourceTree = "<group>";
		};
		D9DA33991A15D527003F633A /* LoctionLogger */ = {
			isa = PBXGroup;
			children = (
				D9DA339E1A15D527003F633A /* AppDelegate.h */,
				D9DA339F1A15D527003F633A /* AppDelegate.m */,
				D9DA33A11A15D527003F633A /* ViewController.h */,
				D9DA33A21A15D527003F633A /* ViewController.m */,
				D9DA33A41A15D527003F633A /* Main.storyboard */,
				D9DA33A71A15D527003F633A /* Images.xcassets */,
				D9DA33A91A15D527003F633A /* LaunchScreen.xib */,
				D9DA339A1A15D527003F633A /* Supporting Files */,
			);
			path = LoctionLogger;
			sourceTree = "<group>";
		};
		D9DA339A1A15D527003F633A /* Supporting Files */ = {
			isa = PBXGroup;
			children = (
				D9DA339B1A15D527003F633A /* Info.plist */,
				D9DA339C1A15D527003F633A /* main.m */,
			);
			name = "Supporting Files";
			sourceTree = "<group>";
		};
		D9DA33B31A15D528003F633A /* LoctionLoggerTests */ = {
			isa = PBXGroup;
			children = (
				D9DA33B61A15D528003F633A /* LoctionLoggerTests.m */,
				D9DA33B41A15D528003F633A /* Supporting Files */,
			);
			path = LoctionLoggerTests;
			sourceTree = "<group>";
		};
		D9DA33B41A15D528003F633A /* Supporting Files */ = {
			isa = PBXGroup;
			children = (
				D9DA33B51A15D528003F633A /* Info.plist */,
			);
			name = "Supporting Files";
			sourceTree = "<group>";
		};
/* End PBXGroup section */

/* Begin PBXNativeTarget section */
		D9DA33961A15D527003F633A /* LoctionLogger */ = {
			isa = PBXNativeTarget;
			buildConfigurationList = D9DA33BA1A15D528003F633A /* Build configuration list for PBXNativeTarget "LoctionLogger" */;
			buildPhases = (
				D9DA33931A15D527003F633A /* Sources */,
				D9DA33941A15D527003F633A /* Frameworks */,
				D9DA33951A15D527003F633A /* Resources */,
			);
			buildRules = (
			);
			dependencies = (
			);
			name = LoctionLogger;
			productName = LoctionLogger;
			productReference = D9DA33971A15D527003F633A /* LoctionLogger.app */;
			productType = "com.apple.product-type.application";
		};
		D9DA33AF1A15D528003F633A /* LoctionLoggerTests */ = {
			isa = PBXNativeTarget;
			buildConfigurationList = D9DA33BD1A15D528003F633A /* Build configuration list for PBXNativeTarget "LoctionLoggerTests" */;
			buildPhases = (
				D9DA33AC1A15D528003F633A /* Sources */,
				D9DA33AD1A15D528003F633A /* Frameworks */,
				D9DA33AE1A15D528003F633A /* Resources */,
			);
			buildRules = (
			);
			dependencies = (
				D9DA33B21A15D528003F633A /* PBXTargetDependency */,
			);
			name = LoctionLoggerTests;
			productName = LoctionLoggerTests;
			productReference = D9DA33B01A15D528003F633A /* LoctionLoggerTests.xctest */;
			productType = "com.apple.product-type.bundle.unit-test";
		};
/* End PBXNativeTarget section */

/* Begin PBXProject section */
		D9DA338F1A15D527003F633A /* Project object */ = {
			isa = PBXProject;
			attributes = {
				LastUpgradeCheck = 0610;
				ORGANIZATIONNAME = private;
				TargetAttributes = {
					D9DA33961A15D527003F633A = {
						CreatedOnToolsVersion = 6.1;
					};
					D9DA33AF1A15D528003F633A = {
						CreatedOnToolsVersion = 6.1;
						TestTargetID = D9DA33961A15D527003F633A;
					};
				};
			};
			buildConfigurationList = D9DA33921A15D527003F633A /* Build configuration list for PBXProject "LoctionLogger" */;
			compatibilityVersion = "Xcode 3.2";
			developmentRegion = English;
			hasScannedForEncodings = 0;
			knownRegions = (
				en,
				Base,
			);
			mainGroup = D9DA338E1A15D527003F633A;
			productRefGroup = D9DA33981A15D527003F633A /* Products */;
			projectDirPath = "";
			projectRoot = "";
			targets = (
				D9DA33961A15D527003F633A /* LoctionLogger */,
				D9DA33AF1A15D528003F633A /* LoctionLoggerTests */,
			);
		};
/* End PBXProject section */

/* Begin PBXResourcesBuildPhase section */
		D9DA33951A15D527003F633A /* Resources */ = {
			isa = PBXResourcesBuildPhase;
			buildActionMask = 2147483647;
			files = (
				D9DA33A61A15D527003F633A /* Main.storyboard in Resources */,
				D9DA33AB1A15D527003F633A /* LaunchScreen.xib in Resources */,
				D9DA33A81A15D527003F633A /* Images.xcassets in Resources */,
			);
			runOnlyForDeploymentPostprocessing = 0;
		};
		D9DA33AE1A15D528003F633A /* Resources */ = {
			isa = PBXResourcesBuildPhase;
			buildActionMask = 2147483647;
			files = (
			);
			runOnlyForDeploymentPostprocessing = 0;
		};
/* End PBXResourcesBuildPhase section */

/* Begin PBXSourcesBuildPhase section */
		D9DA33931A15D527003F633A /* Sources */ = {
			isa = PBXSourcesBuildPhase;
			buildActionMask = 2147483647;
			files = (
				D9DA33A31A15D527003F633A /* ViewController.m in Sources */,
				D9DA33A01A15D527003F633A /* AppDelegate.m in Sources */,
				D9DA339D1A15D527003F633A /* main.m in Sources */,
			);
			runOnlyForDeploymentPostprocessing = 0;
		};
		D9DA33AC1A15D528003F633A /* Sources */ = {
			isa = PBXSourcesBuildPhase;
			buildActionMask = 2147483647;
			files = (
				D9DA33B71A15D528003F633A /* LoctionLoggerTests.m in Sources */,
			);
			runOnlyForDeploymentPostprocessing = 0;
		};
/* End PBXSourcesBuildPhase section */

/* Begin PBXTargetDependency section */
		D9DA33B21A15D528003F633A /* PBXTargetDependency */ = {
			isa = PBXTargetDependency;
			target = D9DA33961A15D527003F633A /* LoctionLogger */;
			targetProxy = D9DA33B11A15D528003F633A /* PBXContainerItemProxy */;
		};
/* End PBXTargetDependency section */

/* Begin PBXVariantGroup section */
		D9DA33A41A15D527003F633A /* Main.storyboard */ = {
			isa = PBXVariantGroup;
			children = (
				D9DA33A51A15D527003F633A /* Base */,
			);
			name = Main.storyboard;
			sourceTree = "<group>";
		};
		D9DA33A91A15D527003F633A /* LaunchScreen.xib */ = {
			isa = PBXVariantGroup;
			children = (
				D9DA33AA1A15D527003F633A /* Base */,
			);
			name = LaunchScreen.xib;
			sourceTree = "<group>";
		};
/* End PBXVariantGroup section */

/* Begin XCBuildConfiguration section */
		D9DA33B81A15D528003F633A /* Debug */ = {
			isa = XCBuildConfiguration;
			buildSettings = {
				ALWAYS_SEARCH_USER_PATHS = NO;
				CLANG_CXX_LANGUAGE_STANDARD = "gnu++0x";
				CLANG_CXX_LIBRARY = "libc++";
				CLANG_ENABLE_MODULES = YES;
				CLANG_ENABLE_OBJC_ARC = YES;
				CLANG_WARN_BOOL_CONVERSION = YES;
				CLANG_WARN_CONSTANT_CONVERSION = YES;
				CLANG_WARN_DIRECT_OBJC_ISA_USAGE = YES_ERROR;
				CLANG_WARN_EMPTY_BODY = YES;
				CLANG_WARN_ENUM_CONVERSION = YES;
				CLANG_WARN_INT_CONVERSION = YES;
				CLANG_WARN_OBJC_ROOT_CLASS = YES_ERROR;
				CLANG_WARN_UNREACHABLE_CODE = YES;
				CLANG_WARN__DUPLICATE_METHOD_MATCH = YES;
				"CODE_SIGN_IDENTITY[sdk=iphoneos*]" = "iPhone Developer";
				COPY_PHASE_STRIP = NO;
				ENABLE_STRICT_OBJC_MSGSEND = YES;
				GCC_C_LANGUAGE_STANDARD = gnu99;
				GCC_DYNAMIC_NO_PIC = NO;
				GCC_OPTIMIZATION_LEVEL = 0;
				GCC_PREPROCESSOR_DEFINITIONS = (
					"DEBUG=1",
					"$(inherited)",
				);
				GCC_SYMBOLS_PRIVATE_EXTERN = NO;
				GCC_WARN_64_TO_32_BIT_CONVERSION = YES;
				GCC_WARN_ABOUT_RETURN_TYPE = YES_ERROR;
				GCC_WARN_UNDECLARED_SELECTOR = YES;
				GCC_WARN_UNINITIALIZED_AUTOS = YES_AGGRESSIVE;
				GCC_WARN_UNUSED_FUNCTION = YES;
				GCC_WARN_UNUSED_VARIABLE = YES;
				IPHONEOS_DEPLOYMENT_TARGET = 8.1;
				MTL_ENABLE_DEBUG_INFO = YES;
				ONLY_ACTIVE_ARCH = YES;
				SDKROOT = iphoneos;
			};
			name = Debug;
		};
		D9DA33B91A15D528003F633A /* Release */ = {
			isa = XCBuildConfiguration;
			buildSettings = {
				ALWAYS_SEARCH_USER_PATHS = NO;
				CLANG_CXX_LANGUAGE_STANDARD = "gnu++0x";
				CLANG_CXX_LIBRARY = "libc++";
				CLANG_ENABLE_MODULES = YES;
				CLANG_ENABLE_OBJC_ARC = YES;
				CLANG_WARN_BOOL_CONVERSION = YES;
				CLANG_WARN_CONSTANT_CONVERSION = YES;
				CLANG_WARN_DIRECT_OBJC_ISA_USAGE = YES_ERROR;
				CLANG_WARN_EMPTY_BODY = YES;
				CLANG_WARN_ENUM_CONVERSION = YES;
				CLANG_WARN_INT_CONVERSION = YES;
				CLANG_WARN_OBJC_ROOT_CLASS = YES_ERROR;
				CLANG_WARN_UNREACHABLE_CODE = YES;
				CLANG_WARN__DUPLICATE_METHOD_MATCH = YES;
				"CODE_SIGN_IDENTITY[sdk=iphoneos*]" = "iPhone Developer";
				COPY_PHASE_STRIP = YES;
				ENABLE_NS_ASSERTIONS = NO;
				ENABLE_STRICT_OBJC_MSGSEND = YES;
				GCC_C_LANGUAGE_STANDARD = gnu99;
				GCC_WARN_64_TO_32_BIT_CONVERSION = YES;
				GCC_WARN_ABOUT_RETURN_TYPE = YES_ERROR;
				GCC_WARN_UNDECLARED_SELECTOR = YES;
				GCC_WARN_UNINITIALIZED_AUTOS = YES_AGGRESSIVE;
				GCC_WARN_UNUSED_FUNCTION = YES;
				GCC_WARN_UNUSED_VARIABLE = YES;
				IPHONEOS_DEPLOYMENT_TARGET = 8.1;
				MTL_ENABLE_DEBUG_INFO = NO;
				SDKROOT = iphoneos;
				VALIDATE_PRODUCT = YES;
			};
			name = Release;
		};
		D9DA33BB1A15D528003F633A /* Debug */ = {
			isa = XCBuildConfiguration;
			buildSettings = {
				ASSETCATALOG_COMPILER_APPICON_NAME = AppIcon;
				INFOPLIST_FILE = LoctionLogger/Info.plist;
				LD_RUNPATH_SEARCH_PATHS = "$(inherited) @executable_path/Frameworks";
				PRODUCT_NAME = "$(TARGET_NAME)";
			};
			name = Debug;
		};
		D9DA33BC1A15D528003F633A /* Release */ = {
			isa = XCBuildConfiguration;
			buildSettings = {
				ASSETCATALOG_COMPILER_APPICON_NAME = AppIcon;
				INFOPLIST_FILE = LoctionLogger/Info.plist;
				LD_RUNPATH_SEARCH_PATHS = "$(inherited) @executable_path/Frameworks";
				PRODUCT_NAME = "$(TARGET_NAME)";
			};
			name = Release;
		};
		D9DA33BE1A15D528003F633A /* Debug */ = {
			isa = XCBuildConfiguration;
			buildSettings = {
				BUNDLE_LOADER = "$(TEST_HOST)";
				FRAMEWORK_SEARCH_PATHS = (
					"$(SDKROOT)/Developer/Library/Frameworks",
					"$(inherited)",
				);
				GCC_PREPROCESSOR_DEFINITIONS = (
					"DEBUG=1",
					"$(inherited)",
				);
				INFOPLIST_FILE = LoctionLoggerTests/Info.plist;
				LD_RUNPATH_SEARCH_PATHS = "$(inherited) @executable_path/Frameworks @loader_path/Frameworks";
				PRODUCT_NAME = "$(TARGET_NAME)";
				TEST_HOST = "$(BUILT_PRODUCTS_DIR)/LoctionLogger.app/LoctionLogger";
			};
			name = Debug;
		};
		D9DA33BF1A15D528003F633A /* Release */ = {
			isa = XCBuildConfiguration;
			buildSettings = {
				BUNDLE_LOADER = "$(TEST_HOST)";
				FRAMEWORK_SEARCH_PATHS = (
					"$(SDKROOT)/Developer/Library/Frameworks",
					"$(inherited)",
				);
				INFOPLIST_FILE = LoctionLoggerTests/Info.plist;
				LD_RUNPATH_SEARCH_PATHS = "$(inherited) @executable_path/Frameworks @loader_path/Frameworks";
				PRODUCT_NAME = "$(TARGET_NAME)";
				TEST_HOST = "$(BUILT_PRODUCTS_DIR)/LoctionLogger.app/LoctionLogger";
			};
			name = Release;
		};
/* End XCBuildConfiguration section */

/* Begin XCConfigurationList section */
		D9DA33921A15D527003F633A /* Build configuration list for PBXProject "LoctionLogger" */ = {
			isa = XCConfigurationList;
			buildConfigurations = (
				D9DA33B81A15D528003F633A /* Debug */,
				D9DA33B91A15D528003F633A /* Release */,
			);
			defaultConfigurationIsVisible = 0;
			defaultConfigurationName = Release;
		};
		D9DA33BA1A15D528003F633A /* Build configuration list for PBXNativeTarget "LoctionLogger" */ = {
			isa = XCConfigurationList;
			buildConfigurations = (
				D9DA33BB1A15D528003F633A /* Debug */,
				D9DA33BC1A15D528003F633A /* Release */,
			);
			defaultConfigurationIsVisible = 0;
		};
		D9DA33BD1A15D528003F633A /* Build configuration list for PBXNativeTarget "LoctionLoggerTests" */ = {
			isa = XCConfigurationList;
			buildConfigurations = (
				D9DA33BE1A15D528003F633A /* Debug */,
				D9DA33BF1A15D528003F633A /* Release */,
			);
			defaultConfigurationIsVisible = 0;
		};
/* End XCConfigurationList section */
	};
	rootObject = D9DA338F1A15D527003F633A /* Project object */;
}
